// !$*UTF8*$!
{
	archiveVersion = 1;
	classes = {
	};
	objectVersion = 50;
	objects = {

/* Begin PBXBuildFile section */
		3B5024BF253E40330060688B /* PokemonListVC.swift in Sources */ = {isa = PBXBuildFile; fileRef = 3B5024BE253E40320060688B /* PokemonListVC.swift */; };
		3B5024C3253EB2A90060688B /* UIView+Ext.swift in Sources */ = {isa = PBXBuildFile; fileRef = 3B5024C2253EB2A90060688B /* UIView+Ext.swift */; };
		3B5024C7253EB4170060688B /* PokemonCell.swift in Sources */ = {isa = PBXBuildFile; fileRef = 3B5024C6253EB4170060688B /* PokemonCell.swift */; };
		3B5024CA253EB77F0060688B /* Pokemon.swift in Sources */ = {isa = PBXBuildFile; fileRef = 3B5024C9253EB77F0060688B /* Pokemon.swift */; };
		3B5024CE253EB7D50060688B /* Constants.swift in Sources */ = {isa = PBXBuildFile; fileRef = 3B5024CD253EB7D50060688B /* Constants.swift */; };
		3B5024D3253ED4110060688B /* NetworkManager.swift in Sources */ = {isa = PBXBuildFile; fileRef = 3B5024D2253ED4110060688B /* NetworkManager.swift */; };
		3B5024D6253EE29D0060688B /* PokemonData.swift in Sources */ = {isa = PBXBuildFile; fileRef = 3B5024D5253EE29D0060688B /* PokemonData.swift */; };
		3B5024D9253EEF850060688B /* PokemonImageView.swift in Sources */ = {isa = PBXBuildFile; fileRef = 3B5024D8253EEF850060688B /* PokemonImageView.swift */; };
		3B5024E5253F06AD0060688B /* PokemonDisplayVC.swift in Sources */ = {isa = PBXBuildFile; fileRef = 3B5024E4253F06AD0060688B /* PokemonDisplayVC.swift */; };
		3B51AE29253E1F1F0081EAE6 /* AppDelegate.swift in Sources */ = {isa = PBXBuildFile; fileRef = 3B51AE28253E1F1F0081EAE6 /* AppDelegate.swift */; };
		3B51AE2B253E1F1F0081EAE6 /* SceneDelegate.swift in Sources */ = {isa = PBXBuildFile; fileRef = 3B51AE2A253E1F1F0081EAE6 /* SceneDelegate.swift */; };
		3B51AE32253E1F220081EAE6 /* Assets.xcassets in Resources */ = {isa = PBXBuildFile; fileRef = 3B51AE31253E1F220081EAE6 /* Assets.xcassets */; };
		3B51AE35253E1F220081EAE6 /* LaunchScreen.storyboard in Resources */ = {isa = PBXBuildFile; fileRef = 3B51AE33253E1F220081EAE6 /* LaunchScreen.storyboard */; };
/* End PBXBuildFile section */

/* Begin PBXFileReference section */
		3B5024BE253E40320060688B /* PokemonListVC.swift */ = {isa = PBXFileReference; lastKnownFileType = sourcecode.swift; path = PokemonListVC.swift; sourceTree = "<group>"; };
		3B5024C2253EB2A90060688B /* UIView+Ext.swift */ = {isa = PBXFileReference; lastKnownFileType = sourcecode.swift; path = "UIView+Ext.swift"; sourceTree = "<group>"; };
		3B5024C6253EB4170060688B /* PokemonCell.swift */ = {isa = PBXFileReference; lastKnownFileType = sourcecode.swift; path = PokemonCell.swift; sourceTree = "<group>"; };
		3B5024C9253EB77F0060688B /* Pokemon.swift */ = {isa = PBXFileReference; lastKnownFileType = sourcecode.swift; path = Pokemon.swift; sourceTree = "<group>"; };
		3B5024CD253EB7D50060688B /* Constants.swift */ = {isa = PBXFileReference; lastKnownFileType = sourcecode.swift; path = Constants.swift; sourceTree = "<group>"; };
		3B5024D2253ED4110060688B /* NetworkManager.swift */ = {isa = PBXFileReference; lastKnownFileType = sourcecode.swift; path = NetworkManager.swift; sourceTree = "<group>"; };
		3B5024D5253EE29D0060688B /* PokemonData.swift */ = {isa = PBXFileReference; lastKnownFileType = sourcecode.swift; path = PokemonData.swift; sourceTree = "<group>"; };
		3B5024D8253EEF850060688B /* PokemonImageView.swift */ = {isa = PBXFileReference; lastKnownFileType = sourcecode.swift; path = PokemonImageView.swift; sourceTree = "<group>"; };
		3B5024E4253F06AD0060688B /* PokemonDisplayVC.swift */ = {isa = PBXFileReference; lastKnownFileType = sourcecode.swift; path = PokemonDisplayVC.swift; sourceTree = "<group>"; };
		3B51AE25253E1F1F0081EAE6 /* PokedexV3.app */ = {isa = PBXFileReference; explicitFileType = wrapper.application; includeInIndex = 0; path = PokedexV3.app; sourceTree = BUILT_PRODUCTS_DIR; };
		3B51AE28253E1F1F0081EAE6 /* AppDelegate.swift */ = {isa = PBXFileReference; lastKnownFileType = sourcecode.swift; path = AppDelegate.swift; sourceTree = "<group>"; };
		3B51AE2A253E1F1F0081EAE6 /* SceneDelegate.swift */ = {isa = PBXFileReference; lastKnownFileType = sourcecode.swift; path = SceneDelegate.swift; sourceTree = "<group>"; };
		3B51AE31253E1F220081EAE6 /* Assets.xcassets */ = {isa = PBXFileReference; lastKnownFileType = folder.assetcatalog; path = Assets.xcassets; sourceTree = "<group>"; };
		3B51AE34253E1F220081EAE6 /* Base */ = {isa = PBXFileReference; lastKnownFileType = file.storyboard; name = Base; path = Base.lproj/LaunchScreen.storyboard; sourceTree = "<group>"; };
		3B51AE36253E1F220081EAE6 /* Info.plist */ = {isa = PBXFileReference; lastKnownFileType = text.plist.xml; path = Info.plist; sourceTree = "<group>"; };
/* End PBXFileReference section */

/* Begin PBXFrameworksBuildPhase section */
		3B51AE22253E1F1F0081EAE6 /* Frameworks */ = {
			isa = PBXFrameworksBuildPhase;
			buildActionMask = 2147483647;
			files = (
			);
			runOnlyForDeploymentPostprocessing = 0;
		};
/* End PBXFrameworksBuildPhase section */

/* Begin PBXGroup section */
		3B5024C1253EB28F0060688B /* Extensions+Utilities */ = {
			isa = PBXGroup;
			children = (
				3B5024C2253EB2A90060688B /* UIView+Ext.swift */,
				3B5024CD253EB7D50060688B /* Constants.swift */,
			);
			path = "Extensions+Utilities";
			sourceTree = "<group>";
		};
		3B5024CC253EB7C20060688B /* Model */ = {
			isa = PBXGroup;
			children = (
				3B5024C9253EB77F0060688B /* Pokemon.swift */,
				3B5024D5253EE29D0060688B /* PokemonData.swift */,
			);
			path = Model;
			sourceTree = "<group>";
		};
		3B5024D1253ED4030060688B /* Managers */ = {
			isa = PBXGroup;
			children = (
				3B5024D2253ED4110060688B /* NetworkManager.swift */,
			);
			path = Managers;
			sourceTree = "<group>";
		};
		3B5024E0253F05570060688B /* Cells */ = {
			isa = PBXGroup;
			children = (
				3B5024C6253EB4170060688B /* PokemonCell.swift */,
			);
			path = Cells;
			sourceTree = "<group>";
		};
		3B5024E1253F055E0060688B /* ViewControllers */ = {
			isa = PBXGroup;
			children = (
				3B5024BE253E40320060688B /* PokemonListVC.swift */,
				3B5024E4253F06AD0060688B /* PokemonDisplayVC.swift */,
			);
			path = ViewControllers;
			sourceTree = "<group>";
		};
		3B5024E2253F05720060688B /* ImageViews */ = {
			isa = PBXGroup;
			children = (
				3B5024D8253EEF850060688B /* PokemonImageView.swift */,
			);
			path = ImageViews;
			sourceTree = "<group>";
		};
		3B5024E3253F05810060688B /* Support */ = {
			isa = PBXGroup;
			children = (
				3B51AE28253E1F1F0081EAE6 /* AppDelegate.swift */,
				3B51AE2A253E1F1F0081EAE6 /* SceneDelegate.swift */,
				3B51AE31253E1F220081EAE6 /* Assets.xcassets */,
				3B51AE33253E1F220081EAE6 /* LaunchScreen.storyboard */,
			);
			path = Support;
			sourceTree = "<group>";
		};
		3B51AE1C253E1F1F0081EAE6 = {
			isa = PBXGroup;
			children = (
				3B51AE27253E1F1F0081EAE6 /* PokedexV3 */,
				3B51AE26253E1F1F0081EAE6 /* Products */,
			);
			sourceTree = "<group>";
		};
		3B51AE26253E1F1F0081EAE6 /* Products */ = {
			isa = PBXGroup;
			children = (
				3B51AE25253E1F1F0081EAE6 /* PokedexV3.app */,
			);
			name = Products;
			sourceTree = "<group>";
		};
		3B51AE27253E1F1F0081EAE6 /* PokedexV3 */ = {
			isa = PBXGroup;
			children = (
				3B5024E3253F05810060688B /* Support */,
				3B5024E2253F05720060688B /* ImageViews */,
				3B5024E1253F055E0060688B /* ViewControllers */,
				3B5024E0253F05570060688B /* Cells */,
				3B5024D1253ED4030060688B /* Managers */,
				3B5024CC253EB7C20060688B /* Model */,
				3B5024C1253EB28F0060688B /* Extensions+Utilities */,
				3B51AE36253E1F220081EAE6 /* Info.plist */,
			);
			path = PokedexV3;
			sourceTree = "<group>";
		};
/* End PBXGroup section */

/* Begin PBXNativeTarget section */
		3B51AE24253E1F1F0081EAE6 /* PokedexV3 */ = {
			isa = PBXNativeTarget;
			buildConfigurationList = 3B51AE39253E1F220081EAE6 /* Build configuration list for PBXNativeTarget "PokedexV3" */;
			buildPhases = (
				3B51AE21253E1F1F0081EAE6 /* Sources */,
				3B51AE22253E1F1F0081EAE6 /* Frameworks */,
				3B51AE23253E1F1F0081EAE6 /* Resources */,
			);
			buildRules = (
			);
			dependencies = (
			);
			name = PokedexV3;
			productName = PokedexV3;
			productReference = 3B51AE25253E1F1F0081EAE6 /* PokedexV3.app */;
			productType = "com.apple.product-type.application";
		};
/* End PBXNativeTarget section */

/* Begin PBXProject section */
		3B51AE1D253E1F1F0081EAE6 /* Project object */ = {
			isa = PBXProject;
			attributes = {
				LastSwiftUpdateCheck = 1200;
				LastUpgradeCheck = 1200;
				TargetAttributes = {
					3B51AE24253E1F1F0081EAE6 = {
						CreatedOnToolsVersion = 12.0.1;
					};
				};
			};
			buildConfigurationList = 3B51AE20253E1F1F0081EAE6 /* Build configuration list for PBXProject "PokedexV3" */;
			compatibilityVersion = "Xcode 9.3";
			developmentRegion = en;
			hasScannedForEncodings = 0;
			knownRegions = (
				en,
				Base,
			);
			mainGroup = 3B51AE1C253E1F1F0081EAE6;
			productRefGroup = 3B51AE26253E1F1F0081EAE6 /* Products */;
			projectDirPath = "";
			projectRoot = "";
			targets = (
				3B51AE24253E1F1F0081EAE6 /* PokedexV3 */,
			);
		};
/* End PBXProject section */

/* Begin PBXResourcesBuildPhase section */
		3B51AE23253E1F1F0081EAE6 /* Resources */ = {
			isa = PBXResourcesBuildPhase;
			buildActionMask = 2147483647;
			files = (
				3B51AE35253E1F220081EAE6 /* LaunchScreen.storyboard in Resources */,
				3B51AE32253E1F220081EAE6 /* Assets.xcassets in Resources */,
			);
			runOnlyForDeploymentPostprocessing = 0;
		};
/* End PBXResourcesBuildPhase section */

/* Begin PBXSourcesBuildPhase section */
		3B51AE21253E1F1F0081EAE6 /* Sources */ = {
			isa = PBXSourcesBuildPhase;
			buildActionMask = 2147483647;
			files = (
				3B5024D3253ED4110060688B /* NetworkManager.swift in Sources */,
				3B5024CA253EB77F0060688B /* Pokemon.swift in Sources */,
				3B5024BF253E40330060688B /* PokemonListVC.swift in Sources */,
				3B5024C3253EB2A90060688B /* UIView+Ext.swift in Sources */,
				3B5024E5253F06AD0060688B /* PokemonDisplayVC.swift in Sources */,
				3B5024D9253EEF850060688B /* PokemonImageView.swift in Sources */,
				3B51AE29253E1F1F0081EAE6 /* AppDelegate.swift in Sources */,
				3B51AE2B253E1F1F0081EAE6 /* SceneDelegate.swift in Sources */,
				3B5024C7253EB4170060688B /* PokemonCell.swift in Sources */,
				3B5024CE253EB7D50060688B /* Constants.swift in Sources */,
				3B5024D6253EE29D0060688B /* PokemonData.swift in Sources */,
			);
			runOnlyForDeploymentPostprocessing = 0;
		};
/* End PBXSourcesBuildPhase section */

/* Begin PBXVariantGroup section */
		3B51AE33253E1F220081EAE6 /* LaunchScreen.storyboard */ = {
			isa = PBXVariantGroup;
			children = (
				3B51AE34253E1F220081EAE6 /* Base */,
			);
			name = LaunchScreen.storyboard;
			sourceTree = "<group>";
		};
/* End PBXVariantGroup section */

/* Begin XCBuildConfiguration section */
		3B51AE37253E1F220081EAE6 /* Debug */ = {
			isa = XCBuildConfiguration;
			buildSettings = {
				ALWAYS_SEARCH_USER_PATHS = NO;
				CLANG_ANALYZER_NONNULL = YES;
				CLANG_ANALYZER_NUMBER_OBJECT_CONVERSION = YES_AGGRESSIVE;
				CLANG_CXX_LANGUAGE_STANDARD = "gnu++14";
				CLANG_CXX_LIBRARY = "libc++";
				CLANG_ENABLE_MODULES = YES;
				CLANG_ENABLE_OBJC_ARC = YES;
				CLANG_ENABLE_OBJC_WEAK = YES;
				CLANG_WARN_BLOCK_CAPTURE_AUTORELEASING = YES;
				CLANG_WARN_BOOL_CONVERSION = YES;
				CLANG_WARN_COMMA = YES;
				CLANG_WARN_CONSTANT_CONVERSION = YES;
				CLANG_WARN_DEPRECATED_OBJC_IMPLEMENTATIONS = YES;
				CLANG_WARN_DIRECT_OBJC_ISA_USAGE = YES_ERROR;
				CLANG_WARN_DOCUMENTATION_COMMENTS = YES;
				CLANG_WARN_EMPTY_BODY = YES;
				CLANG_WARN_ENUM_CONVERSION = YES;
				CLANG_WARN_INFINITE_RECURSION = YES;
				CLANG_WARN_INT_CONVERSION = YES;
				CLANG_WARN_NON_LITERAL_NULL_CONVERSION = YES;
				CLANG_WARN_OBJC_IMPLICIT_RETAIN_SELF = YES;
				CLANG_WARN_OBJC_LITERAL_CONVERSION = YES;
				CLANG_WARN_OBJC_ROOT_CLASS = YES_ERROR;
				CLANG_WARN_QUOTED_INCLUDE_IN_FRAMEWORK_HEADER = YES;
				CLANG_WARN_RANGE_LOOP_ANALYSIS = YES;
				CLANG_WARN_STRICT_PROTOTYPES = YES;
				CLANG_WARN_SUSPICIOUS_MOVE = YES;
				CLANG_WARN_UNGUARDED_AVAILABILITY = YES_AGGRESSIVE;
				CLANG_WARN_UNREACHABLE_CODE = YES;
				CLANG_WARN__DUPLICATE_METHOD_MATCH = YES;
				COPY_PHASE_STRIP = NO;
				DEBUG_INFORMATION_FORMAT = dwarf;
				ENABLE_STRICT_OBJC_MSGSEND = YES;
				ENABLE_TESTABILITY = YES;
				GCC_C_LANGUAGE_STANDARD = gnu11;
				GCC_DYNAMIC_NO_PIC = NO;
				GCC_NO_COMMON_BLOCKS = YES;
				GCC_OPTIMIZATION_LEVEL = 0;
				GCC_PREPROCESSOR_DEFINITIONS = (
					"DEBUG=1",
					"$(inherited)",
				);
				GCC_WARN_64_TO_32_BIT_CONVERSION = YES;
				GCC_WARN_ABOUT_RETURN_TYPE = YES_ERROR;
				GCC_WARN_UNDECLARED_SELECTOR = YES;
				GCC_WARN_UNINITIALIZED_AUTOS = YES_AGGRESSIVE;
				GCC_WARN_UNUSED_FUNCTION = YES;
				GCC_WARN_UNUSED_VARIABLE = YES;
				IPHONEOS_DEPLOYMENT_TARGET = 14.0;
				MTL_ENABLE_DEBUG_INFO = INCLUDE_SOURCE;
				MTL_FAST_MATH = YES;
				ONLY_ACTIVE_ARCH = YES;
				SDKROOT = iphoneos;
				SWIFT_ACTIVE_COMPILATION_CONDITIONS = DEBUG;
				SWIFT_OPTIMIZATION_LEVEL = "-Onone";
			};
			name = Debug;
		};
		3B51AE38253E1F220081EAE6 /* Release */ = {
			isa = XCBuildConfiguration;
			buildSettings = {
				ALWAYS_SEARCH_USER_PATHS = NO;
				CLANG_ANALYZER_NONNULL = YES;
				CLANG_ANALYZER_NUMBER_OBJECT_CONVERSION = YES_AGGRESSIVE;
				CLANG_CXX_LANGUAGE_STANDARD = "gnu++14";
				CLANG_CXX_LIBRARY = "libc++";
				CLANG_ENABLE_MODULES = YES;
				CLANG_ENABLE_OBJC_ARC = YES;
				CLANG_ENABLE_OBJC_WEAK = YES;
				CLANG_WARN_BLOCK_CAPTURE_AUTORELEASING = YES;
				CLANG_WARN_BOOL_CONVERSION = YES;
				CLANG_WARN_COMMA = YES;
				CLANG_WARN_CONSTANT_CONVERSION = YES;
				CLANG_WARN_DEPRECATED_OBJC_IMPLEMENTATIONS = YES;
				CLANG_WARN_DIRECT_OBJC_ISA_USAGE = YES_ERROR;
				CLANG_WARN_DOCUMENTATION_COMMENTS = YES;
				CLANG_WARN_EMPTY_BODY = YES;
				CLANG_WARN_ENUM_CONVERSION = YES;
				CLANG_WARN_INFINITE_RECURSION = YES;
				CLANG_WARN_INT_CONVERSION = YES;
				CLANG_WARN_NON_LITERAL_NULL_CONVERSION = YES;
				CLANG_WARN_OBJC_IMPLICIT_RETAIN_SELF = YES;
				CLANG_WARN_OBJC_LITERAL_CONVERSION = YES;
				CLANG_WARN_OBJC_ROOT_CLASS = YES_ERROR;
				CLANG_WARN_QUOTED_INCLUDE_IN_FRAMEWORK_HEADER = YES;
				CLANG_WARN_RANGE_LOOP_ANALYSIS = YES;
				CLANG_WARN_STRICT_PROTOTYPES = YES;
				CLANG_WARN_SUSPICIOUS_MOVE = YES;
				CLANG_WARN_UNGUARDED_AVAILABILITY = YES_AGGRESSIVE;
				CLANG_WARN_UNREACHABLE_CODE = YES;
				CLANG_WARN__DUPLICATE_METHOD_MATCH = YES;
				COPY_PHASE_STRIP = NO;
				DEBUG_INFORMATION_FORMAT = "dwarf-with-dsym";
				ENABLE_NS_ASSERTIONS = NO;
				ENABLE_STRICT_OBJC_MSGSEND = YES;
				GCC_C_LANGUAGE_STANDARD = gnu11;
				GCC_NO_COMMON_BLOCKS = YES;
				GCC_WARN_64_TO_32_BIT_CONVERSION = YES;
				GCC_WARN_ABOUT_RETURN_TYPE = YES_ERROR;
				GCC_WARN_UNDECLARED_SELECTOR = YES;
				GCC_WARN_UNINITIALIZED_AUTOS = YES_AGGRESSIVE;
				GCC_WARN_UNUSED_FUNCTION = YES;
				GCC_WARN_UNUSED_VARIABLE = YES;
				IPHONEOS_DEPLOYMENT_TARGET = 14.0;
				MTL_ENABLE_DEBUG_INFO = NO;
				MTL_FAST_MATH = YES;
				SDKROOT = iphoneos;
				SWIFT_COMPILATION_MODE = wholemodule;
				SWIFT_OPTIMIZATION_LEVEL = "-O";
				VALIDATE_PRODUCT = YES;
			};
			name = Release;
		};
		3B51AE3A253E1F220081EAE6 /* Debug */ = {
			isa = XCBuildConfiguration;
			buildSettings = {
				ASSETCATALOG_COMPILER_APPICON_NAME = AppIcon;
				ASSETCATALOG_COMPILER_GLOBAL_ACCENT_COLOR_NAME = AccentColor;
				CODE_SIGN_STYLE = Automatic;
				DEVELOPMENT_TEAM = MBU62UQ72R;
				INFOPLIST_FILE = PokedexV3/Info.plist;
				LD_RUNPATH_SEARCH_PATHS = (
					"$(inherited)",
					"@executable_path/Frameworks",
				);
				PRODUCT_BUNDLE_IDENTIFIER = com.salfaris.PokedexV3;
				PRODUCT_NAME = "$(TARGET_NAME)";
				SWIFT_VERSION = 5.0;
				TARGETED_DEVICE_FAMILY = "1,2";
			};
			name = Debug;
		};
		3B51AE3B253E1F220081EAE6 /* Release */ = {
			isa = XCBuildConfiguration;
			buildSettings = {
				ASSETCATALOG_COMPILER_APPICON_NAME = AppIcon;
				ASSETCATALOG_COMPILER_GLOBAL_ACCENT_COLOR_NAME = AccentColor;
				CODE_SIGN_STYLE = Automatic;
				DEVELOPMENT_TEAM = MBU62UQ72R;
				INFOPLIST_FILE = PokedexV3/Info.plist;
				LD_RUNPATH_SEARCH_PATHS = (
					"$(inherited)",
					"@executable_path/Frameworks",
				);
				PRODUCT_BUNDLE_IDENTIFIER = com.salfaris.PokedexV3;
				PRODUCT_NAME = "$(TARGET_NAME)";
				SWIFT_VERSION = 5.0;
				TARGETED_DEVICE_FAMILY = "1,2";
			};
			name = Release;
		};
/* End XCBuildConfiguration section */

/* Begin XCConfigurationList section */
		3B51AE20253E1F1F0081EAE6 /* Build configuration list for PBXProject "PokedexV3" */ = {
			isa = XCConfigurationList;
			buildConfigurations = (
				3B51AE37253E1F220081EAE6 /* Debug */,
				3B51AE38253E1F220081EAE6 /* Release */,
			);
			defaultConfigurationIsVisible = 0;
			defaultConfigurationName = Release;
		};
		3B51AE39253E1F220081EAE6 /* Build configuration list for PBXNativeTarget "PokedexV3" */ = {
			isa = XCConfigurationList;
			buildConfigurations = (
				3B51AE3A253E1F220081EAE6 /* Debug */,
				3B51AE3B253E1F220081EAE6 /* Release */,
			);
			defaultConfigurationIsVisible = 0;
			defaultConfigurationName = Release;
		};
/* End XCConfigurationList section */
	};
	rootObject = 3B51AE1D253E1F1F0081EAE6 /* Project object */;
}
