// !$*UTF8*$!
{
	archiveVersion = 1;
	classes = {
	};
	objectVersion = 50;
	objects = {

/* Begin PBXBuildFile section */
		3B230AD3253121280071726D /* NetworkManager.swift in Sources */ = {isa = PBXBuildFile; fileRef = 3B230AD2253121280071726D /* NetworkManager.swift */; };
		3B230AE02531F5F20071726D /* FollowerCell.swift in Sources */ = {isa = PBXBuildFile; fileRef = 3B230ADF2531F5F20071726D /* FollowerCell.swift */; };
		3B230AE42531F6760071726D /* GFAvatarImageView.swift in Sources */ = {isa = PBXBuildFile; fileRef = 3B230AE32531F6760071726D /* GFAvatarImageView.swift */; };
		3B230AE7253251A40071726D /* UIHelper.swift in Sources */ = {isa = PBXBuildFile; fileRef = 3B230AE6253251A40071726D /* UIHelper.swift */; };
		3B8E097125264EC600B8DDFD /* AppDelegate.swift in Sources */ = {isa = PBXBuildFile; fileRef = 3B8E097025264EC600B8DDFD /* AppDelegate.swift */; };
		3B8E097325264EC600B8DDFD /* SceneDelegate.swift in Sources */ = {isa = PBXBuildFile; fileRef = 3B8E097225264EC600B8DDFD /* SceneDelegate.swift */; };
		3B8E097A25264ECC00B8DDFD /* Assets.xcassets in Resources */ = {isa = PBXBuildFile; fileRef = 3B8E097925264ECC00B8DDFD /* Assets.xcassets */; };
		3B8E097D25264ECC00B8DDFD /* LaunchScreen.storyboard in Resources */ = {isa = PBXBuildFile; fileRef = 3B8E097B25264ECC00B8DDFD /* LaunchScreen.storyboard */; };
		3B8F4CCA253C419000E4EE98 /* Date+Ext.swift in Sources */ = {isa = PBXBuildFile; fileRef = 3B8F4CC9253C419000E4EE98 /* Date+Ext.swift */; };
		3B8F4CCD253C41B800E4EE98 /* String+Ext.swift in Sources */ = {isa = PBXBuildFile; fileRef = 3B8F4CCC253C41B800E4EE98 /* String+Ext.swift */; };
		3B8F4CD0253C8B8A00E4EE98 /* PersistenceManager.swift in Sources */ = {isa = PBXBuildFile; fileRef = 3B8F4CCF253C8B8900E4EE98 /* PersistenceManager.swift */; };
		3B8F4CD3253C9BA400E4EE98 /* FavoriteCell.swift in Sources */ = {isa = PBXBuildFile; fileRef = 3B8F4CD2253C9BA400E4EE98 /* FavoriteCell.swift */; };
		3B8F4CD7253CBE2C00E4EE98 /* GFTabBarController.swift in Sources */ = {isa = PBXBuildFile; fileRef = 3B8F4CD6253CBE2C00E4EE98 /* GFTabBarController.swift */; };
		3BA2293E252E5F0600B4E66E /* Follower.swift in Sources */ = {isa = PBXBuildFile; fileRef = 3BA2293D252E5F0600B4E66E /* Follower.swift */; };
		3BA22941252E5FE900B4E66E /* User.swift in Sources */ = {isa = PBXBuildFile; fileRef = 3BA22940252E5FE900B4E66E /* User.swift */; };
		3BA51DA42536FA6400B1EB18 /* GFEmptyStateView.swift in Sources */ = {isa = PBXBuildFile; fileRef = 3BA51DA32536FA6400B1EB18 /* GFEmptyStateView.swift */; };
		3BC6EDE32539A50F0047CE33 /* UserInfoVC.swift in Sources */ = {isa = PBXBuildFile; fileRef = 3BC6EDE22539A50F0047CE33 /* UserInfoVC.swift */; };
		3BC6EDE62539C2720047CE33 /* GFError.swift in Sources */ = {isa = PBXBuildFile; fileRef = 3BC6EDE52539C2720047CE33 /* GFError.swift */; };
		3BC6EDEA2539C7460047CE33 /* GFUserInfoHeaderVC.swift in Sources */ = {isa = PBXBuildFile; fileRef = 3BC6EDE92539C7460047CE33 /* GFUserInfoHeaderVC.swift */; };
		3BC6EDED2539C7A60047CE33 /* GFSecondaryTitleLabel.swift in Sources */ = {isa = PBXBuildFile; fileRef = 3BC6EDEC2539C7A50047CE33 /* GFSecondaryTitleLabel.swift */; };
		3BC6EDF02539D8A90047CE33 /* Constants.swift in Sources */ = {isa = PBXBuildFile; fileRef = 3BC6EDEF2539D8A90047CE33 /* Constants.swift */; };
		3BC6EDF3253A04850047CE33 /* GFItemInfoView.swift in Sources */ = {isa = PBXBuildFile; fileRef = 3BC6EDF2253A04850047CE33 /* GFItemInfoView.swift */; };
		3BC6EDF6253A08E40047CE33 /* GFItemInfoVC.swift in Sources */ = {isa = PBXBuildFile; fileRef = 3BC6EDF5253A08E40047CE33 /* GFItemInfoVC.swift */; };
		3BC6EDF9253A0C210047CE33 /* GFRepoItemVC.swift in Sources */ = {isa = PBXBuildFile; fileRef = 3BC6EDF8253A0C210047CE33 /* GFRepoItemVC.swift */; };
		3BC6EDFC253B8EC50047CE33 /* GFFollowerItemVC.swift in Sources */ = {isa = PBXBuildFile; fileRef = 3BC6EDFB253B8EC50047CE33 /* GFFollowerItemVC.swift */; };
		3BE0C75C252A3D8500D1E1EB /* FollowerListVC.swift in Sources */ = {isa = PBXBuildFile; fileRef = 3BE0C75B252A3D8500D1E1EB /* FollowerListVC.swift */; };
		3BE0C760252A6CF600D1E1EB /* GFTitleLabel.swift in Sources */ = {isa = PBXBuildFile; fileRef = 3BE0C75F252A6CF600D1E1EB /* GFTitleLabel.swift */; };
		3BE0C763252A709D00D1E1EB /* GFBodyLabel.swift in Sources */ = {isa = PBXBuildFile; fileRef = 3BE0C762252A709D00D1E1EB /* GFBodyLabel.swift */; };
		3BE0C766252A717500D1E1EB /* GFAlertVC.swift in Sources */ = {isa = PBXBuildFile; fileRef = 3BE0C765252A717500D1E1EB /* GFAlertVC.swift */; };
		3BE54F14252B0544001F59F8 /* UIViewController+Ext.swift in Sources */ = {isa = PBXBuildFile; fileRef = 3BE54F13252B0544001F59F8 /* UIViewController+Ext.swift */; };
		3BED4FDF2528837A0032F137 /* SearchVC.swift in Sources */ = {isa = PBXBuildFile; fileRef = 3BED4FDE2528837A0032F137 /* SearchVC.swift */; };
		3BED4FE2252883B80032F137 /* FavoritesListVC.swift in Sources */ = {isa = PBXBuildFile; fileRef = 3BED4FE1252883B80032F137 /* FavoritesListVC.swift */; };
		3BED4FE625299F000032F137 /* GFButton.swift in Sources */ = {isa = PBXBuildFile; fileRef = 3BED4FE525299F000032F137 /* GFButton.swift */; };
		3BED4FE92529A6950032F137 /* GFTextField.swift in Sources */ = {isa = PBXBuildFile; fileRef = 3BED4FE82529A6950032F137 /* GFTextField.swift */; };
/* End PBXBuildFile section */

/* Begin PBXFileReference section */
		3B230AD2253121280071726D /* NetworkManager.swift */ = {isa = PBXFileReference; lastKnownFileType = sourcecode.swift; path = NetworkManager.swift; sourceTree = "<group>"; };
		3B230ADF2531F5F20071726D /* FollowerCell.swift */ = {isa = PBXFileReference; lastKnownFileType = sourcecode.swift; path = FollowerCell.swift; sourceTree = "<group>"; };
		3B230AE32531F6760071726D /* GFAvatarImageView.swift */ = {isa = PBXFileReference; lastKnownFileType = sourcecode.swift; path = GFAvatarImageView.swift; sourceTree = "<group>"; };
		3B230AE6253251A40071726D /* UIHelper.swift */ = {isa = PBXFileReference; lastKnownFileType = sourcecode.swift; path = UIHelper.swift; sourceTree = "<group>"; };
		3B8E096D25264EC600B8DDFD /* GithubFollowers.app */ = {isa = PBXFileReference; explicitFileType = wrapper.application; includeInIndex = 0; path = GithubFollowers.app; sourceTree = BUILT_PRODUCTS_DIR; };
		3B8E097025264EC600B8DDFD /* AppDelegate.swift */ = {isa = PBXFileReference; lastKnownFileType = sourcecode.swift; path = AppDelegate.swift; sourceTree = "<group>"; };
		3B8E097225264EC600B8DDFD /* SceneDelegate.swift */ = {isa = PBXFileReference; lastKnownFileType = sourcecode.swift; path = SceneDelegate.swift; sourceTree = "<group>"; };
		3B8E097925264ECC00B8DDFD /* Assets.xcassets */ = {isa = PBXFileReference; lastKnownFileType = folder.assetcatalog; path = Assets.xcassets; sourceTree = "<group>"; };
		3B8E097C25264ECC00B8DDFD /* Base */ = {isa = PBXFileReference; lastKnownFileType = file.storyboard; name = Base; path = Base.lproj/LaunchScreen.storyboard; sourceTree = "<group>"; };
		3B8E097E25264ECC00B8DDFD /* Info.plist */ = {isa = PBXFileReference; lastKnownFileType = text.plist.xml; path = Info.plist; sourceTree = "<group>"; };
		3B8F4CC9253C419000E4EE98 /* Date+Ext.swift */ = {isa = PBXFileReference; lastKnownFileType = sourcecode.swift; path = "Date+Ext.swift"; sourceTree = "<group>"; };
		3B8F4CCC253C41B800E4EE98 /* String+Ext.swift */ = {isa = PBXFileReference; lastKnownFileType = sourcecode.swift; path = "String+Ext.swift"; sourceTree = "<group>"; };
		3B8F4CCF253C8B8900E4EE98 /* PersistenceManager.swift */ = {isa = PBXFileReference; lastKnownFileType = sourcecode.swift; path = PersistenceManager.swift; sourceTree = "<group>"; };
		3B8F4CD2253C9BA400E4EE98 /* FavoriteCell.swift */ = {isa = PBXFileReference; lastKnownFileType = sourcecode.swift; path = FavoriteCell.swift; sourceTree = "<group>"; };
		3B8F4CD6253CBE2C00E4EE98 /* GFTabBarController.swift */ = {isa = PBXFileReference; lastKnownFileType = sourcecode.swift; path = GFTabBarController.swift; sourceTree = "<group>"; };
		3BA2293D252E5F0600B4E66E /* Follower.swift */ = {isa = PBXFileReference; lastKnownFileType = sourcecode.swift; path = Follower.swift; sourceTree = "<group>"; };
		3BA22940252E5FE900B4E66E /* User.swift */ = {isa = PBXFileReference; lastKnownFileType = sourcecode.swift; path = User.swift; sourceTree = "<group>"; };
		3BA51DA32536FA6400B1EB18 /* GFEmptyStateView.swift */ = {isa = PBXFileReference; lastKnownFileType = sourcecode.swift; path = GFEmptyStateView.swift; sourceTree = "<group>"; };
		3BC6EDE22539A50F0047CE33 /* UserInfoVC.swift */ = {isa = PBXFileReference; lastKnownFileType = sourcecode.swift; path = UserInfoVC.swift; sourceTree = "<group>"; };
		3BC6EDE52539C2720047CE33 /* GFError.swift */ = {isa = PBXFileReference; lastKnownFileType = sourcecode.swift; path = GFError.swift; sourceTree = "<group>"; };
		3BC6EDE92539C7460047CE33 /* GFUserInfoHeaderVC.swift */ = {isa = PBXFileReference; lastKnownFileType = sourcecode.swift; path = GFUserInfoHeaderVC.swift; sourceTree = "<group>"; };
		3BC6EDEC2539C7A50047CE33 /* GFSecondaryTitleLabel.swift */ = {isa = PBXFileReference; lastKnownFileType = sourcecode.swift; path = GFSecondaryTitleLabel.swift; sourceTree = "<group>"; };
		3BC6EDEF2539D8A90047CE33 /* Constants.swift */ = {isa = PBXFileReference; lastKnownFileType = sourcecode.swift; path = Constants.swift; sourceTree = "<group>"; };
		3BC6EDF2253A04850047CE33 /* GFItemInfoView.swift */ = {isa = PBXFileReference; lastKnownFileType = sourcecode.swift; path = GFItemInfoView.swift; sourceTree = "<group>"; };
		3BC6EDF5253A08E40047CE33 /* GFItemInfoVC.swift */ = {isa = PBXFileReference; lastKnownFileType = sourcecode.swift; path = GFItemInfoVC.swift; sourceTree = "<group>"; };
		3BC6EDF8253A0C210047CE33 /* GFRepoItemVC.swift */ = {isa = PBXFileReference; lastKnownFileType = sourcecode.swift; path = GFRepoItemVC.swift; sourceTree = "<group>"; };
		3BC6EDFB253B8EC50047CE33 /* GFFollowerItemVC.swift */ = {isa = PBXFileReference; lastKnownFileType = sourcecode.swift; path = GFFollowerItemVC.swift; sourceTree = "<group>"; };
		3BE0C75B252A3D8500D1E1EB /* FollowerListVC.swift */ = {isa = PBXFileReference; lastKnownFileType = sourcecode.swift; path = FollowerListVC.swift; sourceTree = "<group>"; };
		3BE0C75F252A6CF600D1E1EB /* GFTitleLabel.swift */ = {isa = PBXFileReference; lastKnownFileType = sourcecode.swift; path = GFTitleLabel.swift; sourceTree = "<group>"; };
		3BE0C762252A709D00D1E1EB /* GFBodyLabel.swift */ = {isa = PBXFileReference; lastKnownFileType = sourcecode.swift; path = GFBodyLabel.swift; sourceTree = "<group>"; };
		3BE0C765252A717500D1E1EB /* GFAlertVC.swift */ = {isa = PBXFileReference; lastKnownFileType = sourcecode.swift; path = GFAlertVC.swift; sourceTree = "<group>"; };
		3BE54F13252B0544001F59F8 /* UIViewController+Ext.swift */ = {isa = PBXFileReference; lastKnownFileType = sourcecode.swift; path = "UIViewController+Ext.swift"; sourceTree = "<group>"; };
		3BED4FDE2528837A0032F137 /* SearchVC.swift */ = {isa = PBXFileReference; lastKnownFileType = sourcecode.swift; path = SearchVC.swift; sourceTree = "<group>"; };
		3BED4FE1252883B80032F137 /* FavoritesListVC.swift */ = {isa = PBXFileReference; lastKnownFileType = sourcecode.swift; path = FavoritesListVC.swift; sourceTree = "<group>"; };
		3BED4FE525299F000032F137 /* GFButton.swift */ = {isa = PBXFileReference; lastKnownFileType = sourcecode.swift; path = GFButton.swift; sourceTree = "<group>"; };
		3BED4FE82529A6950032F137 /* GFTextField.swift */ = {isa = PBXFileReference; lastKnownFileType = sourcecode.swift; path = GFTextField.swift; sourceTree = "<group>"; };
/* End PBXFileReference section */

/* Begin PBXFrameworksBuildPhase section */
		3B8E096A25264EC600B8DDFD /* Frameworks */ = {
			isa = PBXFrameworksBuildPhase;
			buildActionMask = 2147483647;
			files = (
			);
			runOnlyForDeploymentPostprocessing = 0;
		};
/* End PBXFrameworksBuildPhase section */

/* Begin PBXGroup section */
		3B230AD1253121120071726D /* Managers */ = {
			isa = PBXGroup;
			children = (
				3B230AD2253121280071726D /* NetworkManager.swift */,
				3B8F4CCF253C8B8900E4EE98 /* PersistenceManager.swift */,
			);
			path = Managers;
			sourceTree = "<group>";
		};
		3B230AD52531CCD50071726D /* Utilities */ = {
			isa = PBXGroup;
			children = (
				3B230AE6253251A40071726D /* UIHelper.swift */,
				3BC6EDE52539C2720047CE33 /* GFError.swift */,
				3BC6EDEF2539D8A90047CE33 /* Constants.swift */,
			);
			path = Utilities;
			sourceTree = "<group>";
		};
		3B230ADE2531F5CC0071726D /* Cells */ = {
			isa = PBXGroup;
			children = (
				3B230ADF2531F5F20071726D /* FollowerCell.swift */,
				3B8F4CD2253C9BA400E4EE98 /* FavoriteCell.swift */,
			);
			path = Cells;
			sourceTree = "<group>";
		};
		3B6C11FA252BAD70008C9B1D /* Screens (Controllers) */ = {
			isa = PBXGroup;
			children = (
				3BED4FDE2528837A0032F137 /* SearchVC.swift */,
				3BED4FE1252883B80032F137 /* FavoritesListVC.swift */,
				3BE0C75B252A3D8500D1E1EB /* FollowerListVC.swift */,
				3BC6EDE22539A50F0047CE33 /* UserInfoVC.swift */,
			);
			path = "Screens (Controllers)";
			sourceTree = "<group>";
		};
		3B6C11FB252BADD8008C9B1D /* Custom Views */ = {
			isa = PBXGroup;
			children = (
				3B8F4CD5253CBE0C00E4EE98 /* TabBarControllers */,
				3BA51DA22536FA1300B1EB18 /* ViewControllers */,
				3BA51D9F2536F9DD00B1EB18 /* Labels */,
				3BA51D9E2536F9D500B1EB18 /* ImageViews */,
				3BA51D9D2536F9CE00B1EB18 /* TextFields */,
				3BA51D9C2536F9BB00B1EB18 /* Buttons */,
				3BA51D9A2536F9AA00B1EB18 /* Views */,
				3B230ADE2531F5CC0071726D /* Cells */,
			);
			path = "Custom Views";
			sourceTree = "<group>";
		};
		3B6C11FE252BAE0B008C9B1D /* Extensions */ = {
			isa = PBXGroup;
			children = (
				3BE54F13252B0544001F59F8 /* UIViewController+Ext.swift */,
				3B8F4CC9253C419000E4EE98 /* Date+Ext.swift */,
				3B8F4CCC253C41B800E4EE98 /* String+Ext.swift */,
			);
			path = Extensions;
			sourceTree = "<group>";
		};
		3B6C1202252BAE6A008C9B1D /* Support */ = {
			isa = PBXGroup;
			children = (
				3B8E097025264EC600B8DDFD /* AppDelegate.swift */,
				3B8E097225264EC600B8DDFD /* SceneDelegate.swift */,
				3B8E097925264ECC00B8DDFD /* Assets.xcassets */,
				3B8E097B25264ECC00B8DDFD /* LaunchScreen.storyboard */,
			);
			path = Support;
			sourceTree = "<group>";
		};
		3B8E096425264EC600B8DDFD = {
			isa = PBXGroup;
			children = (
				3B8E096F25264EC600B8DDFD /* GithubFollowers */,
				3B8E096E25264EC600B8DDFD /* Products */,
			);
			sourceTree = "<group>";
		};
		3B8E096E25264EC600B8DDFD /* Products */ = {
			isa = PBXGroup;
			children = (
				3B8E096D25264EC600B8DDFD /* GithubFollowers.app */,
			);
			name = Products;
			sourceTree = "<group>";
		};
		3B8E096F25264EC600B8DDFD /* GithubFollowers */ = {
			isa = PBXGroup;
			children = (
				3B230AD52531CCD50071726D /* Utilities */,
				3B230AD1253121120071726D /* Managers */,
				3BA2293C252E5EF500B4E66E /* Model */,
				3B6C11FE252BAE0B008C9B1D /* Extensions */,
				3B6C11FB252BADD8008C9B1D /* Custom Views */,
				3B6C11FA252BAD70008C9B1D /* Screens (Controllers) */,
				3B6C1202252BAE6A008C9B1D /* Support */,
				3B8E097E25264ECC00B8DDFD /* Info.plist */,
			);
			path = GithubFollowers;
			sourceTree = "<group>";
		};
		3B8F4CD5253CBE0C00E4EE98 /* TabBarControllers */ = {
			isa = PBXGroup;
			children = (
				3B8F4CD6253CBE2C00E4EE98 /* GFTabBarController.swift */,
			);
			path = TabBarControllers;
			sourceTree = "<group>";
		};
		3BA2293C252E5EF500B4E66E /* Model */ = {
			isa = PBXGroup;
			children = (
				3BA2293D252E5F0600B4E66E /* Follower.swift */,
				3BA22940252E5FE900B4E66E /* User.swift */,
			);
			path = Model;
			sourceTree = "<group>";
		};
		3BA51D9A2536F9AA00B1EB18 /* Views */ = {
			isa = PBXGroup;
			children = (
				3BA51DA32536FA6400B1EB18 /* GFEmptyStateView.swift */,
				3BC6EDF2253A04850047CE33 /* GFItemInfoView.swift */,
			);
			path = Views;
			sourceTree = "<group>";
		};
		3BA51D9C2536F9BB00B1EB18 /* Buttons */ = {
			isa = PBXGroup;
			children = (
				3BED4FE525299F000032F137 /* GFButton.swift */,
			);
			path = Buttons;
			sourceTree = "<group>";
		};
		3BA51D9D2536F9CE00B1EB18 /* TextFields */ = {
			isa = PBXGroup;
			children = (
				3BED4FE82529A6950032F137 /* GFTextField.swift */,
			);
			path = TextFields;
			sourceTree = "<group>";
		};
		3BA51D9E2536F9D500B1EB18 /* ImageViews */ = {
			isa = PBXGroup;
			children = (
				3B230AE32531F6760071726D /* GFAvatarImageView.swift */,
			);
			path = ImageViews;
			sourceTree = "<group>";
		};
		3BA51D9F2536F9DD00B1EB18 /* Labels */ = {
			isa = PBXGroup;
			children = (
				3BE0C75F252A6CF600D1E1EB /* GFTitleLabel.swift */,
				3BE0C762252A709D00D1E1EB /* GFBodyLabel.swift */,
				3BC6EDEC2539C7A50047CE33 /* GFSecondaryTitleLabel.swift */,
			);
			path = Labels;
			sourceTree = "<group>";
		};
		3BA51DA22536FA1300B1EB18 /* ViewControllers */ = {
			isa = PBXGroup;
			children = (
				3BC6EDFE253B8F150047CE33 /* ItemInfoVCs */,
				3BE0C765252A717500D1E1EB /* GFAlertVC.swift */,
				3BC6EDE92539C7460047CE33 /* GFUserInfoHeaderVC.swift */,
			);
			path = ViewControllers;
			sourceTree = "<group>";
		};
		3BC6EDFE253B8F150047CE33 /* ItemInfoVCs */ = {
			isa = PBXGroup;
			children = (
				3BC6EDF5253A08E40047CE33 /* GFItemInfoVC.swift */,
				3BC6EDF8253A0C210047CE33 /* GFRepoItemVC.swift */,
				3BC6EDFB253B8EC50047CE33 /* GFFollowerItemVC.swift */,
			);
			path = ItemInfoVCs;
			sourceTree = "<group>";
		};
/* End PBXGroup section */

/* Begin PBXNativeTarget section */
		3B8E096C25264EC600B8DDFD /* GithubFollowers */ = {
			isa = PBXNativeTarget;
			buildConfigurationList = 3B8E098125264ECC00B8DDFD /* Build configuration list for PBXNativeTarget "GithubFollowers" */;
			buildPhases = (
				3B8E096925264EC600B8DDFD /* Sources */,
				3B8E096A25264EC600B8DDFD /* Frameworks */,
				3B8E096B25264EC600B8DDFD /* Resources */,
			);
			buildRules = (
			);
			dependencies = (
			);
			name = GithubFollowers;
			productName = GithubFollowers;
			productReference = 3B8E096D25264EC600B8DDFD /* GithubFollowers.app */;
			productType = "com.apple.product-type.application";
		};
/* End PBXNativeTarget section */

/* Begin PBXProject section */
		3B8E096525264EC600B8DDFD /* Project object */ = {
			isa = PBXProject;
			attributes = {
				LastSwiftUpdateCheck = 1200;
				LastUpgradeCheck = 1200;
				TargetAttributes = {
					3B8E096C25264EC600B8DDFD = {
						CreatedOnToolsVersion = 12.0;
					};
				};
			};
			buildConfigurationList = 3B8E096825264EC600B8DDFD /* Build configuration list for PBXProject "GithubFollowers" */;
			compatibilityVersion = "Xcode 9.3";
			developmentRegion = en;
			hasScannedForEncodings = 0;
			knownRegions = (
				en,
				Base,
			);
			mainGroup = 3B8E096425264EC600B8DDFD;
			productRefGroup = 3B8E096E25264EC600B8DDFD /* Products */;
			projectDirPath = "";
			projectRoot = "";
			targets = (
				3B8E096C25264EC600B8DDFD /* GithubFollowers */,
			);
		};
/* End PBXProject section */

/* Begin PBXResourcesBuildPhase section */
		3B8E096B25264EC600B8DDFD /* Resources */ = {
			isa = PBXResourcesBuildPhase;
			buildActionMask = 2147483647;
			files = (
				3B8E097D25264ECC00B8DDFD /* LaunchScreen.storyboard in Resources */,
				3B8E097A25264ECC00B8DDFD /* Assets.xcassets in Resources */,
			);
			runOnlyForDeploymentPostprocessing = 0;
		};
/* End PBXResourcesBuildPhase section */

/* Begin PBXSourcesBuildPhase section */
		3B8E096925264EC600B8DDFD /* Sources */ = {
			isa = PBXSourcesBuildPhase;
			buildActionMask = 2147483647;
			files = (
				3BA22941252E5FE900B4E66E /* User.swift in Sources */,
				3BED4FE92529A6950032F137 /* GFTextField.swift in Sources */,
				3BED4FE2252883B80032F137 /* FavoritesListVC.swift in Sources */,
				3B8F4CCD253C41B800E4EE98 /* String+Ext.swift in Sources */,
				3BED4FE625299F000032F137 /* GFButton.swift in Sources */,
				3BE54F14252B0544001F59F8 /* UIViewController+Ext.swift in Sources */,
				3B230AE7253251A40071726D /* UIHelper.swift in Sources */,
				3BC6EDF6253A08E40047CE33 /* GFItemInfoVC.swift in Sources */,
				3BC6EDF02539D8A90047CE33 /* Constants.swift in Sources */,
				3B230AE42531F6760071726D /* GFAvatarImageView.swift in Sources */,
				3BED4FDF2528837A0032F137 /* SearchVC.swift in Sources */,
				3BE0C766252A717500D1E1EB /* GFAlertVC.swift in Sources */,
				3BC6EDFC253B8EC50047CE33 /* GFFollowerItemVC.swift in Sources */,
				3BC6EDF3253A04850047CE33 /* GFItemInfoView.swift in Sources */,
				3B8F4CD3253C9BA400E4EE98 /* FavoriteCell.swift in Sources */,
				3B230AE02531F5F20071726D /* FollowerCell.swift in Sources */,
				3B8F4CD7253CBE2C00E4EE98 /* GFTabBarController.swift in Sources */,
				3BE0C763252A709D00D1E1EB /* GFBodyLabel.swift in Sources */,
				3BC6EDEA2539C7460047CE33 /* GFUserInfoHeaderVC.swift in Sources */,
				3BC6EDE62539C2720047CE33 /* GFError.swift in Sources */,
				3BA2293E252E5F0600B4E66E /* Follower.swift in Sources */,
				3BE0C760252A6CF600D1E1EB /* GFTitleLabel.swift in Sources */,
				3B8F4CCA253C419000E4EE98 /* Date+Ext.swift in Sources */,
				3B8F4CD0253C8B8A00E4EE98 /* PersistenceManager.swift in Sources */,
				3BC6EDED2539C7A60047CE33 /* GFSecondaryTitleLabel.swift in Sources */,
				3BA51DA42536FA6400B1EB18 /* GFEmptyStateView.swift in Sources */,
				3B230AD3253121280071726D /* NetworkManager.swift in Sources */,
				3BE0C75C252A3D8500D1E1EB /* FollowerListVC.swift in Sources */,
				3B8E097125264EC600B8DDFD /* AppDelegate.swift in Sources */,
				3B8E097325264EC600B8DDFD /* SceneDelegate.swift in Sources */,
				3BC6EDF9253A0C210047CE33 /* GFRepoItemVC.swift in Sources */,
				3BC6EDE32539A50F0047CE33 /* UserInfoVC.swift in Sources */,
			);
			runOnlyForDeploymentPostprocessing = 0;
		};
/* End PBXSourcesBuildPhase section */

/* Begin PBXVariantGroup section */
		3B8E097B25264ECC00B8DDFD /* LaunchScreen.storyboard */ = {
			isa = PBXVariantGroup;
			children = (
				3B8E097C25264ECC00B8DDFD /* Base */,
			);
			name = LaunchScreen.storyboard;
			sourceTree = "<group>";
		};
/* End PBXVariantGroup section */

/* Begin XCBuildConfiguration section */
		3B8E097F25264ECC00B8DDFD /* Debug */ = {
			isa = XCBuildConfiguration;
			buildSettings = {
				ALWAYS_SEARCH_USER_PATHS = NO;
				CLANG_ANALYZER_NONNULL = YES;
				CLANG_ANALYZER_NUMBER_OBJECT_CONVERSION = YES_AGGRESSIVE;
				CLANG_CXX_LANGUAGE_STANDARD = "gnu++14";
				CLANG_CXX_LIBRARY = "libc++";
				CLANG_ENABLE_MODULES = YES;
				CLANG_ENABLE_OBJC_ARC = YES;
				CLANG_ENABLE_OBJC_WEAK = YES;
				CLANG_WARN_BLOCK_CAPTURE_AUTORELEASING = YES;
				CLANG_WARN_BOOL_CONVERSION = YES;
				CLANG_WARN_COMMA = YES;
				CLANG_WARN_CONSTANT_CONVERSION = YES;
				CLANG_WARN_DEPRECATED_OBJC_IMPLEMENTATIONS = YES;
				CLANG_WARN_DIRECT_OBJC_ISA_USAGE = YES_ERROR;
				CLANG_WARN_DOCUMENTATION_COMMENTS = YES;
				CLANG_WARN_EMPTY_BODY = YES;
				CLANG_WARN_ENUM_CONVERSION = YES;
				CLANG_WARN_INFINITE_RECURSION = YES;
				CLANG_WARN_INT_CONVERSION = YES;
				CLANG_WARN_NON_LITERAL_NULL_CONVERSION = YES;
				CLANG_WARN_OBJC_IMPLICIT_RETAIN_SELF = YES;
				CLANG_WARN_OBJC_LITERAL_CONVERSION = YES;
				CLANG_WARN_OBJC_ROOT_CLASS = YES_ERROR;
				CLANG_WARN_QUOTED_INCLUDE_IN_FRAMEWORK_HEADER = YES;
				CLANG_WARN_RANGE_LOOP_ANALYSIS = YES;
				CLANG_WARN_STRICT_PROTOTYPES = YES;
				CLANG_WARN_SUSPICIOUS_MOVE = YES;
				CLANG_WARN_UNGUARDED_AVAILABILITY = YES_AGGRESSIVE;
				CLANG_WARN_UNREACHABLE_CODE = YES;
				CLANG_WARN__DUPLICATE_METHOD_MATCH = YES;
				COPY_PHASE_STRIP = NO;
				DEBUG_INFORMATION_FORMAT = dwarf;
				ENABLE_STRICT_OBJC_MSGSEND = YES;
				ENABLE_TESTABILITY = YES;
				GCC_C_LANGUAGE_STANDARD = gnu11;
				GCC_DYNAMIC_NO_PIC = NO;
				GCC_NO_COMMON_BLOCKS = YES;
				GCC_OPTIMIZATION_LEVEL = 0;
				GCC_PREPROCESSOR_DEFINITIONS = (
					"DEBUG=1",
					"$(inherited)",
				);
				GCC_WARN_64_TO_32_BIT_CONVERSION = YES;
				GCC_WARN_ABOUT_RETURN_TYPE = YES_ERROR;
				GCC_WARN_UNDECLARED_SELECTOR = YES;
				GCC_WARN_UNINITIALIZED_AUTOS = YES_AGGRESSIVE;
				GCC_WARN_UNUSED_FUNCTION = YES;
				GCC_WARN_UNUSED_VARIABLE = YES;
				IPHONEOS_DEPLOYMENT_TARGET = 14.0;
				MTL_ENABLE_DEBUG_INFO = INCLUDE_SOURCE;
				MTL_FAST_MATH = YES;
				ONLY_ACTIVE_ARCH = YES;
				SDKROOT = iphoneos;
				SWIFT_ACTIVE_COMPILATION_CONDITIONS = DEBUG;
				SWIFT_OPTIMIZATION_LEVEL = "-Onone";
			};
			name = Debug;
		};
		3B8E098025264ECC00B8DDFD /* Release */ = {
			isa = XCBuildConfiguration;
			buildSettings = {
				ALWAYS_SEARCH_USER_PATHS = NO;
				CLANG_ANALYZER_NONNULL = YES;
				CLANG_ANALYZER_NUMBER_OBJECT_CONVERSION = YES_AGGRESSIVE;
				CLANG_CXX_LANGUAGE_STANDARD = "gnu++14";
				CLANG_CXX_LIBRARY = "libc++";
				CLANG_ENABLE_MODULES = YES;
				CLANG_ENABLE_OBJC_ARC = YES;
				CLANG_ENABLE_OBJC_WEAK = YES;
				CLANG_WARN_BLOCK_CAPTURE_AUTORELEASING = YES;
				CLANG_WARN_BOOL_CONVERSION = YES;
				CLANG_WARN_COMMA = YES;
				CLANG_WARN_CONSTANT_CONVERSION = YES;
				CLANG_WARN_DEPRECATED_OBJC_IMPLEMENTATIONS = YES;
				CLANG_WARN_DIRECT_OBJC_ISA_USAGE = YES_ERROR;
				CLANG_WARN_DOCUMENTATION_COMMENTS = YES;
				CLANG_WARN_EMPTY_BODY = YES;
				CLANG_WARN_ENUM_CONVERSION = YES;
				CLANG_WARN_INFINITE_RECURSION = YES;
				CLANG_WARN_INT_CONVERSION = YES;
				CLANG_WARN_NON_LITERAL_NULL_CONVERSION = YES;
				CLANG_WARN_OBJC_IMPLICIT_RETAIN_SELF = YES;
				CLANG_WARN_OBJC_LITERAL_CONVERSION = YES;
				CLANG_WARN_OBJC_ROOT_CLASS = YES_ERROR;
				CLANG_WARN_QUOTED_INCLUDE_IN_FRAMEWORK_HEADER = YES;
				CLANG_WARN_RANGE_LOOP_ANALYSIS = YES;
				CLANG_WARN_STRICT_PROTOTYPES = YES;
				CLANG_WARN_SUSPICIOUS_MOVE = YES;
				CLANG_WARN_UNGUARDED_AVAILABILITY = YES_AGGRESSIVE;
				CLANG_WARN_UNREACHABLE_CODE = YES;
				CLANG_WARN__DUPLICATE_METHOD_MATCH = YES;
				COPY_PHASE_STRIP = NO;
				DEBUG_INFORMATION_FORMAT = "dwarf-with-dsym";
				ENABLE_NS_ASSERTIONS = NO;
				ENABLE_STRICT_OBJC_MSGSEND = YES;
				GCC_C_LANGUAGE_STANDARD = gnu11;
				GCC_NO_COMMON_BLOCKS = YES;
				GCC_WARN_64_TO_32_BIT_CONVERSION = YES;
				GCC_WARN_ABOUT_RETURN_TYPE = YES_ERROR;
				GCC_WARN_UNDECLARED_SELECTOR = YES;
				GCC_WARN_UNINITIALIZED_AUTOS = YES_AGGRESSIVE;
				GCC_WARN_UNUSED_FUNCTION = YES;
				GCC_WARN_UNUSED_VARIABLE = YES;
				IPHONEOS_DEPLOYMENT_TARGET = 14.0;
				MTL_ENABLE_DEBUG_INFO = NO;
				MTL_FAST_MATH = YES;
				SDKROOT = iphoneos;
				SWIFT_COMPILATION_MODE = wholemodule;
				SWIFT_OPTIMIZATION_LEVEL = "-O";
				VALIDATE_PRODUCT = YES;
			};
			name = Release;
		};
		3B8E098225264ECC00B8DDFD /* Debug */ = {
			isa = XCBuildConfiguration;
			buildSettings = {
				ASSETCATALOG_COMPILER_APPICON_NAME = AppIcon;
				ASSETCATALOG_COMPILER_GLOBAL_ACCENT_COLOR_NAME = AccentColor;
				CODE_SIGN_STYLE = Automatic;
				DEVELOPMENT_TEAM = MBU62UQ72R;
				INFOPLIST_FILE = GithubFollowers/Info.plist;
				LD_RUNPATH_SEARCH_PATHS = (
					"$(inherited)",
					"@executable_path/Frameworks",
				);
				PRODUCT_BUNDLE_IDENTIFIER = com.salfaris.GithubFollowers;
				PRODUCT_NAME = "$(TARGET_NAME)";
				SWIFT_VERSION = 5.0;
				TARGETED_DEVICE_FAMILY = 1;
			};
			name = Debug;
		};
		3B8E098325264ECC00B8DDFD /* Release */ = {
			isa = XCBuildConfiguration;
			buildSettings = {
				ASSETCATALOG_COMPILER_APPICON_NAME = AppIcon;
				ASSETCATALOG_COMPILER_GLOBAL_ACCENT_COLOR_NAME = AccentColor;
				CODE_SIGN_STYLE = Automatic;
				DEVELOPMENT_TEAM = MBU62UQ72R;
				INFOPLIST_FILE = GithubFollowers/Info.plist;
				LD_RUNPATH_SEARCH_PATHS = (
					"$(inherited)",
					"@executable_path/Frameworks",
				);
				PRODUCT_BUNDLE_IDENTIFIER = com.salfaris.GithubFollowers;
				PRODUCT_NAME = "$(TARGET_NAME)";
				SWIFT_VERSION = 5.0;
				TARGETED_DEVICE_FAMILY = 1;
			};
			name = Release;
		};
/* End XCBuildConfiguration section */

/* Begin XCConfigurationList section */
		3B8E096825264EC600B8DDFD /* Build configuration list for PBXProject "GithubFollowers" */ = {
			isa = XCConfigurationList;
			buildConfigurations = (
				3B8E097F25264ECC00B8DDFD /* Debug */,
				3B8E098025264ECC00B8DDFD /* Release */,
			);
			defaultConfigurationIsVisible = 0;
			defaultConfigurationName = Release;
		};
		3B8E098125264ECC00B8DDFD /* Build configuration list for PBXNativeTarget "GithubFollowers" */ = {
			isa = XCConfigurationList;
			buildConfigurations = (
				3B8E098225264ECC00B8DDFD /* Debug */,
				3B8E098325264ECC00B8DDFD /* Release */,
			);
			defaultConfigurationIsVisible = 0;
			defaultConfigurationName = Release;
		};
/* End XCConfigurationList section */
	};
	rootObject = 3B8E096525264EC600B8DDFD /* Project object */;
}
